
Microsoft Visual Studio Solution File, Format Version 12.00
# Visual Studio 2012
Project("{FAE04EC0-301F-11D3-BF4B-00C04F79EFBC}") = "test_20170920", "test_20170920\test_20170920.csproj", "{33BBE709-16C0-4478-8DC5-7FCFBF5F3275}"
EndProject
Global
	GlobalSection(SolutionConfigurationPlatforms) = preSolution
		Debug|x86 = Debug|x86
		Release|x86 = Release|x86
	EndGlobalSection
	GlobalSection(ProjectConfigurationPlatforms) = postSolution
		{33BBE709-16C0-4478-8DC5-7FCFBF5F3275}.Debug|x86.ActiveCfg = Debug|x86
		{33BBE709-16C0-4478-8DC5-7FCFBF5F3275}.Debug|x86.Build.0 = Debug|x86
		{33BBE709-16C0-4478-8DC5-7FCFBF5F3275}.Release|x86.ActiveCfg = Release|x86
		{33BBE709-16C0-4478-8DC5-7FCFBF5F3275}.Release|x86.Build.0 = Release|x86
	EndGlobalSection
EndGlobal
